
Microsoft Visual Studio Solution File, Format Version 12.00
# Visual Studio Version 16
VisualStudioVersion = 16.0.30804.86
MinimumVisualStudioVersion = 10.0.40219.1
Project("{8BC9CEB8-8B4A-11D0-8D11-00A0C91BC942}") = "MFCApplication1", "MFCApplication1.vcxproj", "{9901E824-4114-4086-80BB-A2A92D694C85}"
EndProject
Global
	GlobalSection(SolutionConfigurationPlatforms) = preSolution
		Debug|x64 = Debug|x64
		Debug|x86 = Debug|x86
		Release|x64 = Release|x64
		Release|x86 = Release|x86
	EndGlobalSection
	GlobalSection(ProjectConfigurationPlatforms) = postSolution
		{9901E824-4114-4086-80BB-A2A92D694C85}.Debug|x64.ActiveCfg = Debug|x64
		{9901E824-4114-4086-80BB-A2A92D694C85}.Debug|x64.Build.0 = Debug|x64
		{9901E824-4114-4086-80BB-A2A92D694C85}.Debug|x86.ActiveCfg = Debug|Win32
		{9901E824-4114-4086-80BB-A2A92D694C85}.Debug|x86.Build.0 = Debug|Win32
		{9901E824-4114-4086-80BB-A2A92D694C85}.Release|x64.ActiveCfg = Release|x64
		{9901E824-4114-4086-80BB-A2A92D694C85}.Release|x64.Build.0 = Release|x64
		{9901E824-4114-4086-80BB-A2A92D694C85}.Release|x86.ActiveCfg = Release|Win32
		{9901E824-4114-4086-80BB-A2A92D694C85}.Release|x86.Build.0 = Release|Win32
	EndGlobalSection
	GlobalSection(SolutionProperties) = preSolution
		HideSolutionNode = FALSE
	EndGlobalSection
	GlobalSection(ExtensibilityGlobals) = postSolution
		SolutionGuid = {7053135C-4B66-4A45-8336-FF981BA0B88D}
	EndGlobalSection
EndGlobal
